// !$*UTF8*$!
{
	archiveVersion = 1;
	classes = {
	};
	objectVersion = 48;
	objects = {

/* Begin PBXBuildFile section */
		08B5EA0A202DDAF000A43F33 /* AppDelegate.m in Sources */ = {isa = PBXBuildFile; fileRef = 08B5EA09202DDAF000A43F33 /* AppDelegate.m */; };
		08B5EA0D202DDAF000A43F33 /* ViewController.m in Sources */ = {isa = PBXBuildFile; fileRef = 08B5EA0C202DDAF000A43F33 /* ViewController.m */; };
		08B5EA10202DDAF000A43F33 /* Main.storyboard in Resources */ = {isa = PBXBuildFile; fileRef = 08B5EA0E202DDAF000A43F33 /* Main.storyboard */; };
		08B5EA12202DDAF000A43F33 /* Assets.xcassets in Resources */ = {isa = PBXBuildFile; fileRef = 08B5EA11202DDAF000A43F33 /* Assets.xcassets */; };
		08B5EA15202DDAF000A43F33 /* LaunchScreen.storyboard in Resources */ = {isa = PBXBuildFile; fileRef = 08B5EA13202DDAF000A43F33 /* LaunchScreen.storyboard */; };
		08B5EA18202DDAF000A43F33 /* main.m in Sources */ = {isa = PBXBuildFile; fileRef = 08B5EA17202DDAF000A43F33 /* main.m */; };
		08B5EA22202DDAF000A43F33 /* CardGameTests.m in Sources */ = {isa = PBXBuildFile; fileRef = 08B5EA21202DDAF000A43F33 /* CardGameTests.m */; };
		08B5EA2D202DDAF000A43F33 /* CardGameUITests.m in Sources */ = {isa = PBXBuildFile; fileRef = 08B5EA2C202DDAF000A43F33 /* CardGameUITests.m */; };
		08B5EA3C202DDB2C00A43F33 /* Card.m in Sources */ = {isa = PBXBuildFile; fileRef = 08B5EA3B202DDB2C00A43F33 /* Card.m */; };
		08B5EA3F202DDD1600A43F33 /* Deck.m in Sources */ = {isa = PBXBuildFile; fileRef = 08B5EA3E202DDD1600A43F33 /* Deck.m */; };
		08B5EA43202DE0A900A43F33 /* PlayingCard.m in Sources */ = {isa = PBXBuildFile; fileRef = 08B5EA42202DE0A900A43F33 /* PlayingCard.m */; };
		08B5EA46202DEC7700A43F33 /* PlayingCardDeck.m in Sources */ = {isa = PBXBuildFile; fileRef = 08B5EA45202DEC7700A43F33 /* PlayingCardDeck.m */; };
		08B5EA49203056C000A43F33 /* CardMatchingGame.m in Sources */ = {isa = PBXBuildFile; fileRef = 08B5EA48203056C000A43F33 /* CardMatchingGame.m */; };
/* End PBXBuildFile section */

/* Begin PBXContainerItemProxy section */
		08B5EA1E202DDAF000A43F33 /* PBXContainerItemProxy */ = {
			isa = PBXContainerItemProxy;
			containerPortal = 08B5E9FD202DDAF000A43F33 /* Project object */;
			proxyType = 1;
			remoteGlobalIDString = 08B5EA04202DDAF000A43F33;
			remoteInfo = CardGame;
		};
		08B5EA29202DDAF000A43F33 /* PBXContainerItemProxy */ = {
			isa = PBXContainerItemProxy;
			containerPortal = 08B5E9FD202DDAF000A43F33 /* Project object */;
			proxyType = 1;
			remoteGlobalIDString = 08B5EA04202DDAF000A43F33;
			remoteInfo = CardGame;
		};
/* End PBXContainerItemProxy section */

/* Begin PBXFileReference section */
		08B5EA05202DDAF000A43F33 /* CardGame.app */ = {isa = PBXFileReference; explicitFileType = wrapper.application; includeInIndex = 0; path = CardGame.app; sourceTree = BUILT_PRODUCTS_DIR; };
		08B5EA08202DDAF000A43F33 /* AppDelegate.h */ = {isa = PBXFileReference; lastKnownFileType = sourcecode.c.h; path = AppDelegate.h; sourceTree = "<group>"; };
		08B5EA09202DDAF000A43F33 /* AppDelegate.m */ = {isa = PBXFileReference; lastKnownFileType = sourcecode.c.objc; path = AppDelegate.m; sourceTree = "<group>"; };
		08B5EA0B202DDAF000A43F33 /* ViewController.h */ = {isa = PBXFileReference; lastKnownFileType = sourcecode.c.h; path = ViewController.h; sourceTree = "<group>"; };
		08B5EA0C202DDAF000A43F33 /* ViewController.m */ = {isa = PBXFileReference; lastKnownFileType = sourcecode.c.objc; path = ViewController.m; sourceTree = "<group>"; };
		08B5EA0F202DDAF000A43F33 /* Base */ = {isa = PBXFileReference; lastKnownFileType = file.storyboard; name = Base; path = Base.lproj/Main.storyboard; sourceTree = "<group>"; };
		08B5EA11202DDAF000A43F33 /* Assets.xcassets */ = {isa = PBXFileReference; lastKnownFileType = folder.assetcatalog; path = Assets.xcassets; sourceTree = "<group>"; };
		08B5EA14202DDAF000A43F33 /* Base */ = {isa = PBXFileReference; lastKnownFileType = file.storyboard; name = Base; path = Base.lproj/LaunchScreen.storyboard; sourceTree = "<group>"; };
		08B5EA16202DDAF000A43F33 /* Info.plist */ = {isa = PBXFileReference; lastKnownFileType = text.plist.xml; path = Info.plist; sourceTree = "<group>"; };
		08B5EA17202DDAF000A43F33 /* main.m */ = {isa = PBXFileReference; lastKnownFileType = sourcecode.c.objc; path = main.m; sourceTree = "<group>"; };
		08B5EA1D202DDAF000A43F33 /* CardGameTests.xctest */ = {isa = PBXFileReference; explicitFileType = wrapper.cfbundle; includeInIndex = 0; path = CardGameTests.xctest; sourceTree = BUILT_PRODUCTS_DIR; };
		08B5EA21202DDAF000A43F33 /* CardGameTests.m */ = {isa = PBXFileReference; lastKnownFileType = sourcecode.c.objc; path = CardGameTests.m; sourceTree = "<group>"; };
		08B5EA23202DDAF000A43F33 /* Info.plist */ = {isa = PBXFileReference; lastKnownFileType = text.plist.xml; path = Info.plist; sourceTree = "<group>"; };
		08B5EA28202DDAF000A43F33 /* CardGameUITests.xctest */ = {isa = PBXFileReference; explicitFileType = wrapper.cfbundle; includeInIndex = 0; path = CardGameUITests.xctest; sourceTree = BUILT_PRODUCTS_DIR; };
		08B5EA2C202DDAF000A43F33 /* CardGameUITests.m */ = {isa = PBXFileReference; lastKnownFileType = sourcecode.c.objc; path = CardGameUITests.m; sourceTree = "<group>"; };
		08B5EA2E202DDAF000A43F33 /* Info.plist */ = {isa = PBXFileReference; lastKnownFileType = text.plist.xml; path = Info.plist; sourceTree = "<group>"; };
		08B5EA3A202DDB2C00A43F33 /* Card.h */ = {isa = PBXFileReference; lastKnownFileType = sourcecode.c.h; path = Card.h; sourceTree = "<group>"; };
		08B5EA3B202DDB2C00A43F33 /* Card.m */ = {isa = PBXFileReference; lastKnownFileType = sourcecode.c.objc; path = Card.m; sourceTree = "<group>"; };
		08B5EA3D202DDD1600A43F33 /* Deck.h */ = {isa = PBXFileReference; lastKnownFileType = sourcecode.c.h; path = Deck.h; sourceTree = "<group>"; };
		08B5EA3E202DDD1600A43F33 /* Deck.m */ = {isa = PBXFileReference; lastKnownFileType = sourcecode.c.objc; path = Deck.m; sourceTree = "<group>"; };
		08B5EA41202DE0A900A43F33 /* PlayingCard.h */ = {isa = PBXFileReference; lastKnownFileType = sourcecode.c.h; path = PlayingCard.h; sourceTree = "<group>"; };
		08B5EA42202DE0A900A43F33 /* PlayingCard.m */ = {isa = PBXFileReference; lastKnownFileType = sourcecode.c.objc; path = PlayingCard.m; sourceTree = "<group>"; };
		08B5EA44202DEC7700A43F33 /* PlayingCardDeck.h */ = {isa = PBXFileReference; lastKnownFileType = sourcecode.c.h; path = PlayingCardDeck.h; sourceTree = "<group>"; };
		08B5EA45202DEC7700A43F33 /* PlayingCardDeck.m */ = {isa = PBXFileReference; lastKnownFileType = sourcecode.c.objc; path = PlayingCardDeck.m; sourceTree = "<group>"; };
		08B5EA47203056C000A43F33 /* CardMatchingGame.h */ = {isa = PBXFileReference; lastKnownFileType = sourcecode.c.h; path = CardMatchingGame.h; sourceTree = "<group>"; };
		08B5EA48203056C000A43F33 /* CardMatchingGame.m */ = {isa = PBXFileReference; lastKnownFileType = sourcecode.c.objc; path = CardMatchingGame.m; sourceTree = "<group>"; };
/* End PBXFileReference section */

/* Begin PBXFrameworksBuildPhase section */
		08B5EA02202DDAF000A43F33 /* Frameworks */ = {
			isa = PBXFrameworksBuildPhase;
			buildActionMask = 2147483647;
			files = (
			);
			runOnlyForDeploymentPostprocessing = 0;
		};
		08B5EA1A202DDAF000A43F33 /* Frameworks */ = {
			isa = PBXFrameworksBuildPhase;
			buildActionMask = 2147483647;
			files = (
			);
			runOnlyForDeploymentPostprocessing = 0;
		};
		08B5EA25202DDAF000A43F33 /* Frameworks */ = {
			isa = PBXFrameworksBuildPhase;
			buildActionMask = 2147483647;
			files = (
			);
			runOnlyForDeploymentPostprocessing = 0;
		};
/* End PBXFrameworksBuildPhase section */

/* Begin PBXGroup section */
		08B5E9FC202DDAF000A43F33 = {
			isa = PBXGroup;
			children = (
				08B5EA40202DE06900A43F33 /* Model */,
				08B5EA07202DDAF000A43F33 /* CardGame */,
				08B5EA20202DDAF000A43F33 /* CardGameTests */,
				08B5EA2B202DDAF000A43F33 /* CardGameUITests */,
				08B5EA06202DDAF000A43F33 /* Products */,
			);
			sourceTree = "<group>";
		};
		08B5EA06202DDAF000A43F33 /* Products */ = {
			isa = PBXGroup;
			children = (
				08B5EA05202DDAF000A43F33 /* CardGame.app */,
				08B5EA1D202DDAF000A43F33 /* CardGameTests.xctest */,
				08B5EA28202DDAF000A43F33 /* CardGameUITests.xctest */,
			);
			name = Products;
			sourceTree = "<group>";
		};
		08B5EA07202DDAF000A43F33 /* CardGame */ = {
			isa = PBXGroup;
			children = (
				08B5EA08202DDAF000A43F33 /* AppDelegate.h */,
				08B5EA09202DDAF000A43F33 /* AppDelegate.m */,
				08B5EA0B202DDAF000A43F33 /* ViewController.h */,
				08B5EA0C202DDAF000A43F33 /* ViewController.m */,
				08B5EA0E202DDAF000A43F33 /* Main.storyboard */,
				08B5EA11202DDAF000A43F33 /* Assets.xcassets */,
				08B5EA13202DDAF000A43F33 /* LaunchScreen.storyboard */,
				08B5EA16202DDAF000A43F33 /* Info.plist */,
				08B5EA17202DDAF000A43F33 /* main.m */,
			);
			path = CardGame;
			sourceTree = "<group>";
		};
		08B5EA20202DDAF000A43F33 /* CardGameTests */ = {
			isa = PBXGroup;
			children = (
				08B5EA21202DDAF000A43F33 /* CardGameTests.m */,
				08B5EA23202DDAF000A43F33 /* Info.plist */,
			);
			path = CardGameTests;
			sourceTree = "<group>";
		};
		08B5EA2B202DDAF000A43F33 /* CardGameUITests */ = {
			isa = PBXGroup;
			children = (
				08B5EA2C202DDAF000A43F33 /* CardGameUITests.m */,
				08B5EA2E202DDAF000A43F33 /* Info.plist */,
			);
			path = CardGameUITests;
			sourceTree = "<group>";
		};
		08B5EA40202DE06900A43F33 /* Model */ = {
			isa = PBXGroup;
			children = (
				08B5EA47203056C000A43F33 /* CardMatchingGame.h */,
				08B5EA48203056C000A43F33 /* CardMatchingGame.m */,
				08B5EA3A202DDB2C00A43F33 /* Card.h */,
				08B5EA3B202DDB2C00A43F33 /* Card.m */,
				08B5EA41202DE0A900A43F33 /* PlayingCard.h */,
				08B5EA42202DE0A900A43F33 /* PlayingCard.m */,
				08B5EA3D202DDD1600A43F33 /* Deck.h */,
				08B5EA3E202DDD1600A43F33 /* Deck.m */,
				08B5EA44202DEC7700A43F33 /* PlayingCardDeck.h */,
				08B5EA45202DEC7700A43F33 /* PlayingCardDeck.m */,
			);
			path = Model;
			sourceTree = "<group>";
		};
/* End PBXGroup section */

/* Begin PBXNativeTarget section */
		08B5EA04202DDAF000A43F33 /* CardGame */ = {
			isa = PBXNativeTarget;
			buildConfigurationList = 08B5EA31202DDAF000A43F33 /* Build configuration list for PBXNativeTarget "CardGame" */;
			buildPhases = (
				08B5EA01202DDAF000A43F33 /* Sources */,
				08B5EA02202DDAF000A43F33 /* Frameworks */,
				08B5EA03202DDAF000A43F33 /* Resources */,
			);
			buildRules = (
			);
			dependencies = (
			);
			name = CardGame;
			productName = CardGame;
			productReference = 08B5EA05202DDAF000A43F33 /* CardGame.app */;
			productType = "com.apple.product-type.application";
		};
		08B5EA1C202DDAF000A43F33 /* CardGameTests */ = {
			isa = PBXNativeTarget;
			buildConfigurationList = 08B5EA34202DDAF000A43F33 /* Build configuration list for PBXNativeTarget "CardGameTests" */;
			buildPhases = (
				08B5EA19202DDAF000A43F33 /* Sources */,
				08B5EA1A202DDAF000A43F33 /* Frameworks */,
				08B5EA1B202DDAF000A43F33 /* Resources */,
			);
			buildRules = (
			);
			dependencies = (
				08B5EA1F202DDAF000A43F33 /* PBXTargetDependency */,
			);
			name = CardGameTests;
			productName = CardGameTests;
			productReference = 08B5EA1D202DDAF000A43F33 /* CardGameTests.xctest */;
			productType = "com.apple.product-type.bundle.unit-test";
		};
		08B5EA27202DDAF000A43F33 /* CardGameUITests */ = {
			isa = PBXNativeTarget;
			buildConfigurationList = 08B5EA37202DDAF000A43F33 /* Build configuration list for PBXNativeTarget "CardGameUITests" */;
			buildPhases = (
				08B5EA24202DDAF000A43F33 /* Sources */,
				08B5EA25202DDAF000A43F33 /* Frameworks */,
				08B5EA26202DDAF000A43F33 /* Resources */,
			);
			buildRules = (
			);
			dependencies = (
				08B5EA2A202DDAF000A43F33 /* PBXTargetDependency */,
			);
			name = CardGameUITests;
			productName = CardGameUITests;
			productReference = 08B5EA28202DDAF000A43F33 /* CardGameUITests.xctest */;
			productType = "com.apple.product-type.bundle.ui-testing";
		};
/* End PBXNativeTarget section */

/* Begin PBXProject section */
		08B5E9FD202DDAF000A43F33 /* Project object */ = {
			isa = PBXProject;
			attributes = {
				LastUpgradeCheck = 0920;
				ORGANIZATIONNAME = "张储祺";
				TargetAttributes = {
					08B5EA04202DDAF000A43F33 = {
						CreatedOnToolsVersion = 9.2;
						ProvisioningStyle = Automatic;
					};
					08B5EA1C202DDAF000A43F33 = {
						CreatedOnToolsVersion = 9.2;
						ProvisioningStyle = Automatic;
						TestTargetID = 08B5EA04202DDAF000A43F33;
					};
					08B5EA27202DDAF000A43F33 = {
						CreatedOnToolsVersion = 9.2;
						ProvisioningStyle = Automatic;
						TestTargetID = 08B5EA04202DDAF000A43F33;
					};
				};
			};
			buildConfigurationList = 08B5EA00202DDAF000A43F33 /* Build configuration list for PBXProject "CardGame" */;
			compatibilityVersion = "Xcode 8.0";
			developmentRegion = en;
			hasScannedForEncodings = 0;
			knownRegions = (
				en,
				Base,
			);
			mainGroup = 08B5E9FC202DDAF000A43F33;
			productRefGroup = 08B5EA06202DDAF000A43F33 /* Products */;
			projectDirPath = "";
			projectRoot = "";
			targets = (
				08B5EA04202DDAF000A43F33 /* CardGame */,
				08B5EA1C202DDAF000A43F33 /* CardGameTests */,
				08B5EA27202DDAF000A43F33 /* CardGameUITests */,
			);
		};
/* End PBXProject section */

/* Begin PBXResourcesBuildPhase section */
		08B5EA03202DDAF000A43F33 /* Resources */ = {
			isa = PBXResourcesBuildPhase;
			buildActionMask = 2147483647;
			files = (
				08B5EA15202DDAF000A43F33 /* LaunchScreen.storyboard in Resources */,
				08B5EA12202DDAF000A43F33 /* Assets.xcassets in Resources */,
				08B5EA10202DDAF000A43F33 /* Main.storyboard in Resources */,
			);
			runOnlyForDeploymentPostprocessing = 0;
		};
		08B5EA1B202DDAF000A43F33 /* Resources */ = {
			isa = PBXResourcesBuildPhase;
			buildActionMask = 2147483647;
			files = (
			);
			runOnlyForDeploymentPostprocessing = 0;
		};
		08B5EA26202DDAF000A43F33 /* Resources */ = {
			isa = PBXResourcesBuildPhase;
			buildActionMask = 2147483647;
			files = (
			);
			runOnlyForDeploymentPostprocessing = 0;
		};
/* End PBXResourcesBuildPhase section */

/* Begin PBXSourcesBuildPhase section */
		08B5EA01202DDAF000A43F33 /* Sources */ = {
			isa = PBXSourcesBuildPhase;
			buildActionMask = 2147483647;
			files = (
				08B5EA43202DE0A900A43F33 /* PlayingCard.m in Sources */,
				08B5EA3F202DDD1600A43F33 /* Deck.m in Sources */,
				08B5EA0D202DDAF000A43F33 /* ViewController.m in Sources */,
				08B5EA18202DDAF000A43F33 /* main.m in Sources */,
				08B5EA49203056C000A43F33 /* CardMatchingGame.m in Sources */,
				08B5EA46202DEC7700A43F33 /* PlayingCardDeck.m in Sources */,
				08B5EA0A202DDAF000A43F33 /* AppDelegate.m in Sources */,
				08B5EA3C202DDB2C00A43F33 /* Card.m in Sources */,
			);
			runOnlyForDeploymentPostprocessing = 0;
		};
		08B5EA19202DDAF000A43F33 /* Sources */ = {
			isa = PBXSourcesBuildPhase;
			buildActionMask = 2147483647;
			files = (
				08B5EA22202DDAF000A43F33 /* CardGameTests.m in Sources */,
			);
			runOnlyForDeploymentPostprocessing = 0;
		};
		08B5EA24202DDAF000A43F33 /* Sources */ = {
			isa = PBXSourcesBuildPhase;
			buildActionMask = 2147483647;
			files = (
				08B5EA2D202DDAF000A43F33 /* CardGameUITests.m in Sources */,
			);
			runOnlyForDeploymentPostprocessing = 0;
		};
/* End PBXSourcesBuildPhase section */

/* Begin PBXTargetDependency section */
		08B5EA1F202DDAF000A43F33 /* PBXTargetDependency */ = {
			isa = PBXTargetDependency;
			target = 08B5EA04202DDAF000A43F33 /* CardGame */;
			targetProxy = 08B5EA1E202DDAF000A43F33 /* PBXContainerItemProxy */;
		};
		08B5EA2A202DDAF000A43F33 /* PBXTargetDependency */ = {
			isa = PBXTargetDependency;
			target = 08B5EA04202DDAF000A43F33 /* CardGame */;
			targetProxy = 08B5EA29202DDAF000A43F33 /* PBXContainerItemProxy */;
		};
/* End PBXTargetDependency section */

/* Begin PBXVariantGroup section */
		08B5EA0E202DDAF000A43F33 /* Main.storyboard */ = {
			isa = PBXVariantGroup;
			children = (
				08B5EA0F202DDAF000A43F33 /* Base */,
			);
			name = Main.storyboard;
			sourceTree = "<group>";
		};
		08B5EA13202DDAF000A43F33 /* LaunchScreen.storyboard */ = {
			isa = PBXVariantGroup;
			children = (
				08B5EA14202DDAF000A43F33 /* Base */,
			);
			name = LaunchScreen.storyboard;
			sourceTree = "<group>";
		};
/* End PBXVariantGroup section */

/* Begin XCBuildConfiguration section */
		08B5EA2F202DDAF000A43F33 /* Debug */ = {
			isa = XCBuildConfiguration;
			buildSettings = {
				ALWAYS_SEARCH_USER_PATHS = NO;
				CLANG_ANALYZER_NONNULL = YES;
				CLANG_ANALYZER_NUMBER_OBJECT_CONVERSION = YES_AGGRESSIVE;
				CLANG_CXX_LANGUAGE_STANDARD = "gnu++14";
				CLANG_CXX_LIBRARY = "libc++";
				CLANG_ENABLE_MODULES = YES;
				CLANG_ENABLE_OBJC_ARC = YES;
				CLANG_WARN_BLOCK_CAPTURE_AUTORELEASING = YES;
				CLANG_WARN_BOOL_CONVERSION = YES;
				CLANG_WARN_COMMA = YES;
				CLANG_WARN_CONSTANT_CONVERSION = YES;
				CLANG_WARN_DIRECT_OBJC_ISA_USAGE = YES_ERROR;
				CLANG_WARN_DOCUMENTATION_COMMENTS = YES;
				CLANG_WARN_EMPTY_BODY = YES;
				CLANG_WARN_ENUM_CONVERSION = YES;
				CLANG_WARN_INFINITE_RECURSION = YES;
				CLANG_WARN_INT_CONVERSION = YES;
				CLANG_WARN_NON_LITERAL_NULL_CONVERSION = YES;
				CLANG_WARN_OBJC_LITERAL_CONVERSION = YES;
				CLANG_WARN_OBJC_ROOT_CLASS = YES_ERROR;
				CLANG_WARN_RANGE_LOOP_ANALYSIS = YES;
				CLANG_WARN_STRICT_PROTOTYPES = YES;
				CLANG_WARN_SUSPICIOUS_MOVE = YES;
				CLANG_WARN_UNGUARDED_AVAILABILITY = YES_AGGRESSIVE;
				CLANG_WARN_UNREACHABLE_CODE = YES;
				CLANG_WARN__DUPLICATE_METHOD_MATCH = YES;
				CODE_SIGN_IDENTITY = "iPhone Developer";
				COPY_PHASE_STRIP = NO;
				DEBUG_INFORMATION_FORMAT = dwarf;
				ENABLE_STRICT_OBJC_MSGSEND = YES;
				ENABLE_TESTABILITY = YES;
				GCC_C_LANGUAGE_STANDARD = gnu11;
				GCC_DYNAMIC_NO_PIC = NO;
				GCC_NO_COMMON_BLOCKS = YES;
				GCC_OPTIMIZATION_LEVEL = 0;
				GCC_PREPROCESSOR_DEFINITIONS = (
					"DEBUG=1",
					"$(inherited)",
				);
				GCC_WARN_64_TO_32_BIT_CONVERSION = YES;
				GCC_WARN_ABOUT_RETURN_TYPE = YES_ERROR;
				GCC_WARN_UNDECLARED_SELECTOR = YES;
				GCC_WARN_UNINITIALIZED_AUTOS = YES_AGGRESSIVE;
				GCC_WARN_UNUSED_FUNCTION = YES;
				GCC_WARN_UNUSED_VARIABLE = YES;
				IPHONEOS_DEPLOYMENT_TARGET = 11.2;
				MTL_ENABLE_DEBUG_INFO = YES;
				ONLY_ACTIVE_ARCH = YES;
				SDKROOT = iphoneos;
			};
			name = Debug;
		};
		08B5EA30202DDAF000A43F33 /* Release */ = {
			isa = XCBuildConfiguration;
			buildSettings = {
				ALWAYS_SEARCH_USER_PATHS = NO;
				CLANG_ANALYZER_NONNULL = YES;
				CLANG_ANALYZER_NUMBER_OBJECT_CONVERSION = YES_AGGRESSIVE;
				CLANG_CXX_LANGUAGE_STANDARD = "gnu++14";
				CLANG_CXX_LIBRARY = "libc++";
				CLANG_ENABLE_MODULES = YES;
				CLANG_ENABLE_OBJC_ARC = YES;
				CLANG_WARN_BLOCK_CAPTURE_AUTORELEASING = YES;
				CLANG_WARN_BOOL_CONVERSION = YES;
				CLANG_WARN_COMMA = YES;
				CLANG_WARN_CONSTANT_CONVERSION = YES;
				CLANG_WARN_DIRECT_OBJC_ISA_USAGE = YES_ERROR;
				CLANG_WARN_DOCUMENTATION_COMMENTS = YES;
				CLANG_WARN_EMPTY_BODY = YES;
				CLANG_WARN_ENUM_CONVERSION = YES;
				CLANG_WARN_INFINITE_RECURSION = YES;
				CLANG_WARN_INT_CONVERSION = YES;
				CLANG_WARN_NON_LITERAL_NULL_CONVERSION = YES;
				CLANG_WARN_OBJC_LITERAL_CONVERSION = YES;
				CLANG_WARN_OBJC_ROOT_CLASS = YES_ERROR;
				CLANG_WARN_RANGE_LOOP_ANALYSIS = YES;
				CLANG_WARN_STRICT_PROTOTYPES = YES;
				CLANG_WARN_SUSPICIOUS_MOVE = YES;
				CLANG_WARN_UNGUARDED_AVAILABILITY = YES_AGGRESSIVE;
				CLANG_WARN_UNREACHABLE_CODE = YES;
				CLANG_WARN__DUPLICATE_METHOD_MATCH = YES;
				CODE_SIGN_IDENTITY = "iPhone Developer";
				COPY_PHASE_STRIP = NO;
				DEBUG_INFORMATION_FORMAT = "dwarf-with-dsym";
				ENABLE_NS_ASSERTIONS = NO;
				ENABLE_STRICT_OBJC_MSGSEND = YES;
				GCC_C_LANGUAGE_STANDARD = gnu11;
				GCC_NO_COMMON_BLOCKS = YES;
				GCC_WARN_64_TO_32_BIT_CONVERSION = YES;
				GCC_WARN_ABOUT_RETURN_TYPE = YES_ERROR;
				GCC_WARN_UNDECLARED_SELECTOR = YES;
				GCC_WARN_UNINITIALIZED_AUTOS = YES_AGGRESSIVE;
				GCC_WARN_UNUSED_FUNCTION = YES;
				GCC_WARN_UNUSED_VARIABLE = YES;
				IPHONEOS_DEPLOYMENT_TARGET = 11.2;
				MTL_ENABLE_DEBUG_INFO = NO;
				SDKROOT = iphoneos;
				VALIDATE_PRODUCT = YES;
			};
			name = Release;
		};
		08B5EA32202DDAF000A43F33 /* Debug */ = {
			isa = XCBuildConfiguration;
			buildSettings = {
				ASSETCATALOG_COMPILER_APPICON_NAME = AppIcon;
				CODE_SIGN_STYLE = Automatic;
				DEVELOPMENT_TEAM = Q64PWL267Z;
				INFOPLIST_FILE = CardGame/Info.plist;
				LD_RUNPATH_SEARCH_PATHS = "$(inherited) @executable_path/Frameworks";
				PRODUCT_BUNDLE_IDENTIFIER = "-1.CardGame";
				PRODUCT_NAME = "$(TARGET_NAME)";
				TARGETED_DEVICE_FAMILY = "1,2";
			};
			name = Debug;
		};
		08B5EA33202DDAF000A43F33 /* Release */ = {
			isa = XCBuildConfiguration;
			buildSettings = {
				ASSETCATALOG_COMPILER_APPICON_NAME = AppIcon;
				CODE_SIGN_STYLE = Automatic;
				DEVELOPMENT_TEAM = Q64PWL267Z;
				INFOPLIST_FILE = CardGame/Info.plist;
				LD_RUNPATH_SEARCH_PATHS = "$(inherited) @executable_path/Frameworks";
				PRODUCT_BUNDLE_IDENTIFIER = "-1.CardGame";
				PRODUCT_NAME = "$(TARGET_NAME)";
				TARGETED_DEVICE_FAMILY = "1,2";
			};
			name = Release;
		};
		08B5EA35202DDAF000A43F33 /* Debug */ = {
			isa = XCBuildConfiguration;
			buildSettings = {
				BUNDLE_LOADER = "$(TEST_HOST)";
				CODE_SIGN_STYLE = Automatic;
				DEVELOPMENT_TEAM = Q64PWL267Z;
				INFOPLIST_FILE = CardGameTests/Info.plist;
				LD_RUNPATH_SEARCH_PATHS = "$(inherited) @executable_path/Frameworks @loader_path/Frameworks";
				PRODUCT_BUNDLE_IDENTIFIER = "-1.CardGameTests";
				PRODUCT_NAME = "$(TARGET_NAME)";
				TARGETED_DEVICE_FAMILY = "1,2";
				TEST_HOST = "$(BUILT_PRODUCTS_DIR)/CardGame.app/CardGame";
			};
			name = Debug;
		};
		08B5EA36202DDAF000A43F33 /* Release */ = {
			isa = XCBuildConfiguration;
			buildSettings = {
				BUNDLE_LOADER = "$(TEST_HOST)";
				CODE_SIGN_STYLE = Automatic;
				DEVELOPMENT_TEAM = Q64PWL267Z;
				INFOPLIST_FILE = CardGameTests/Info.plist;
				LD_RUNPATH_SEARCH_PATHS = "$(inherited) @executable_path/Frameworks @loader_path/Frameworks";
				PRODUCT_BUNDLE_IDENTIFIER = "-1.CardGameTests";
				PRODUCT_NAME = "$(TARGET_NAME)";
				TARGETED_DEVICE_FAMILY = "1,2";
				TEST_HOST = "$(BUILT_PRODUCTS_DIR)/CardGame.app/CardGame";
			};
			name = Release;
		};
		08B5EA38202DDAF000A43F33 /* Debug */ = {
			isa = XCBuildConfiguration;
			buildSettings = {
				CODE_SIGN_STYLE = Automatic;
				DEVELOPMENT_TEAM = Q64PWL267Z;
				INFOPLIST_FILE = CardGameUITests/Info.plist;
				LD_RUNPATH_SEARCH_PATHS = "$(inherited) @executable_path/Frameworks @loader_path/Frameworks";
				PRODUCT_BUNDLE_IDENTIFIER = "-1.CardGameUITests";
				PRODUCT_NAME = "$(TARGET_NAME)";
				TARGETED_DEVICE_FAMILY = "1,2";
				TEST_TARGET_NAME = CardGame;
			};
			name = Debug;
		};
		08B5EA39202DDAF000A43F33 /* Release */ = {
			isa = XCBuildConfiguration;
			buildSettings = {
				CODE_SIGN_STYLE = Automatic;
				DEVELOPMENT_TEAM = Q64PWL267Z;
				INFOPLIST_FILE = CardGameUITests/Info.plist;
				LD_RUNPATH_SEARCH_PATHS = "$(inherited) @executable_path/Frameworks @loader_path/Frameworks";
				PRODUCT_BUNDLE_IDENTIFIER = "-1.CardGameUITests";
				PRODUCT_NAME = "$(TARGET_NAME)";
				TARGETED_DEVICE_FAMILY = "1,2";
				TEST_TARGET_NAME = CardGame;
			};
			name = Release;
		};
/* End XCBuildConfiguration section */

/* Begin XCConfigurationList section */
		08B5EA00202DDAF000A43F33 /* Build configuration list for PBXProject "CardGame" */ = {
			isa = XCConfigurationList;
			buildConfigurations = (
				08B5EA2F202DDAF000A43F33 /* Debug */,
				08B5EA30202DDAF000A43F33 /* Release */,
			);
			defaultConfigurationIsVisible = 0;
			defaultConfigurationName = Release;
		};
		08B5EA31202DDAF000A43F33 /* Build configuration list for PBXNativeTarget "CardGame" */ = {
			isa = XCConfigurationList;
			buildConfigurations = (
				08B5EA32202DDAF000A43F33 /* Debug */,
				08B5EA33202DDAF000A43F33 /* Release */,
			);
			defaultConfigurationIsVisible = 0;
			defaultConfigurationName = Release;
		};
		08B5EA34202DDAF000A43F33 /* Build configuration list for PBXNativeTarget "CardGameTests" */ = {
			isa = XCConfigurationList;
			buildConfigurations = (
				08B5EA35202DDAF000A43F33 /* Debug */,
				08B5EA36202DDAF000A43F33 /* Release */,
			);
			defaultConfigurationIsVisible = 0;
			defaultConfigurationName = Release;
		};
		08B5EA37202DDAF000A43F33 /* Build configuration list for PBXNativeTarget "CardGameUITests" */ = {
			isa = XCConfigurationList;
			buildConfigurations = (
				08B5EA38202DDAF000A43F33 /* Debug */,
				08B5EA39202DDAF000A43F33 /* Release */,
			);
			defaultConfigurationIsVisible = 0;
			defaultConfigurationName = Release;
		};
/* End XCConfigurationList section */
	};
	rootObject = 08B5E9FD202DDAF000A43F33 /* Project object */;
}
